
Microsoft Visual Studio Solution File, Format Version 12.00
# Visual Studio Version 17
VisualStudioVersion = 17.0.31919.166
MinimumVisualStudioVersion = 10.0.40219.1
Project("{FAE04EC0-301F-11D3-BF4B-00C04F79EFBC}") = "Orion", "Orion.csproj", "{CF7440D9-ED7A-44DE-BF79-D1B80BD7D18D}"
EndProject
Global
	GlobalSection(SolutionConfigurationPlatforms) = preSolution
		Debug|Any CPU = Debug|Any CPU
		Release|Any CPU = Release|Any CPU
	EndGlobalSection
	GlobalSection(ProjectConfigurationPlatforms) = postSolution
		{CF7440D9-ED7A-44DE-BF79-D1B80BD7D18D}.Debug|Any CPU.ActiveCfg = Debug|Any CPU
		{CF7440D9-ED7A-44DE-BF79-D1B80BD7D18D}.Debug|Any CPU.Build.0 = Debug|Any CPU
		{CF7440D9-ED7A-44DE-BF79-D1B80BD7D18D}.Release|Any CPU.ActiveCfg = Release|Any CPU
		{CF7440D9-ED7A-44DE-BF79-D1B80BD7D18D}.Release|Any CPU.Build.0 = Release|Any CPU
	EndGlobalSection
	GlobalSection(SolutionProperties) = preSolution
		HideSolutionNode = FALSE
	EndGlobalSection
	GlobalSection(ExtensibilityGlobals) = postSolution
		SolutionGuid = {3A94D6B5-9CF4-464E-9A75-0CA44032771A}
	EndGlobalSection
EndGlobal
